
Microsoft Visual Studio Solution File, Format Version 12.00
# Visual Studio Version 16
VisualStudioVersion = 16.0.31729.503
MinimumVisualStudioVersion = 10.0.40219.1
Project("{FAE04EC0-301F-11D3-BF4B-00C04F79EFBC}") = "dapperrr", "dapperrr\dapperrr.csproj", "{F8B16A18-A455-4E73-A887-D863A54747E3}"
EndProject
Global
	GlobalSection(SolutionConfigurationPlatforms) = preSolution
		Debug|Any CPU = Debug|Any CPU
		Release|Any CPU = Release|Any CPU
	EndGlobalSection
	GlobalSection(ProjectConfigurationPlatforms) = postSolution
		{F8B16A18-A455-4E73-A887-D863A54747E3}.Debug|Any CPU.ActiveCfg = Debug|Any CPU
		{F8B16A18-A455-4E73-A887-D863A54747E3}.Debug|Any CPU.Build.0 = Debug|Any CPU
		{F8B16A18-A455-4E73-A887-D863A54747E3}.Release|Any CPU.ActiveCfg = Release|Any CPU
		{F8B16A18-A455-4E73-A887-D863A54747E3}.Release|Any CPU.Build.0 = Release|Any CPU
	EndGlobalSection
	GlobalSection(SolutionProperties) = preSolution
		HideSolutionNode = FALSE
	EndGlobalSection
	GlobalSection(ExtensibilityGlobals) = postSolution
		SolutionGuid = {F1424B21-963B-4672-923F-84F61FF3C1AC}
	EndGlobalSection
EndGlobal
